
Microsoft Visual Studio Solution File, Format Version 12.00
# Visual Studio Version 17
VisualStudioVersion = 17.11.35208.52
MinimumVisualStudioVersion = 10.0.40219.1
Project("{FAE04EC0-301F-11D3-BF4B-00C04F79EFBC}") = "CargaDeVectores", "CargaDeVectores\CargaDeVectores.csproj", "{3AE89502-C4F1-4C5E-826B-3ED6C8BF3419}"
EndProject
Global
	GlobalSection(SolutionConfigurationPlatforms) = preSolution
		Debug|Any CPU = Debug|Any CPU
		Release|Any CPU = Release|Any CPU
	EndGlobalSection
	GlobalSection(ProjectConfigurationPlatforms) = postSolution
		{3AE89502-C4F1-4C5E-826B-3ED6C8BF3419}.Debug|Any CPU.ActiveCfg = Debug|Any CPU
		{3AE89502-C4F1-4C5E-826B-3ED6C8BF3419}.Debug|Any CPU.Build.0 = Debug|Any CPU
		{3AE89502-C4F1-4C5E-826B-3ED6C8BF3419}.Release|Any CPU.ActiveCfg = Release|Any CPU
		{3AE89502-C4F1-4C5E-826B-3ED6C8BF3419}.Release|Any CPU.Build.0 = Release|Any CPU
	EndGlobalSection
	GlobalSection(SolutionProperties) = preSolution
		HideSolutionNode = FALSE
	EndGlobalSection
	GlobalSection(ExtensibilityGlobals) = postSolution
		SolutionGuid = {715E52A2-3A47-4590-97B2-C09DA45F4149}
	EndGlobalSection
EndGlobal
